
Microsoft Visual Studio Solution File, Format Version 12.00
# Visual Studio 15
VisualStudioVersion = 15.0.26124.0
MinimumVisualStudioVersion = 15.0.26124.0
Project("{FAE04EC0-301F-11D3-BF4B-00C04F79EFBC}") = "parcial2", "parcial2\parcial2.csproj", "{CE4569DD-6C0E-45F1-B3FF-CDDD3C91E03D}"
EndProject
Project("{FAE04EC0-301F-11D3-BF4B-00C04F79EFBC}") = "Entidades", "Entidades\Entidades.csproj", "{D4FCE4F3-2906-41DA-8578-1B303F8EFBDE}"
EndProject
Project("{FAE04EC0-301F-11D3-BF4B-00C04F79EFBC}") = "Logica", "Logica\Logica.csproj", "{2AE17914-2C27-4222-A30D-0CB91DE7A627}"
EndProject
Project("{FAE04EC0-301F-11D3-BF4B-00C04F79EFBC}") = "Datos", "Datos\Datos.csproj", "{3C719680-6673-4C57-A1E8-7DAAB28A115F}"
EndProject
Global
	GlobalSection(SolutionConfigurationPlatforms) = preSolution
		Debug|Any CPU = Debug|Any CPU
		Debug|x64 = Debug|x64
		Debug|x86 = Debug|x86
		Release|Any CPU = Release|Any CPU
		Release|x64 = Release|x64
		Release|x86 = Release|x86
	EndGlobalSection
	GlobalSection(SolutionProperties) = preSolution
		HideSolutionNode = FALSE
	EndGlobalSection
	GlobalSection(ProjectConfigurationPlatforms) = postSolution
		{CE4569DD-6C0E-45F1-B3FF-CDDD3C91E03D}.Debug|Any CPU.ActiveCfg = Debug|Any CPU
		{CE4569DD-6C0E-45F1-B3FF-CDDD3C91E03D}.Debug|Any CPU.Build.0 = Debug|Any CPU
		{CE4569DD-6C0E-45F1-B3FF-CDDD3C91E03D}.Debug|x64.ActiveCfg = Debug|Any CPU
		{CE4569DD-6C0E-45F1-B3FF-CDDD3C91E03D}.Debug|x64.Build.0 = Debug|Any CPU
		{CE4569DD-6C0E-45F1-B3FF-CDDD3C91E03D}.Debug|x86.ActiveCfg = Debug|Any CPU
		{CE4569DD-6C0E-45F1-B3FF-CDDD3C91E03D}.Debug|x86.Build.0 = Debug|Any CPU
		{CE4569DD-6C0E-45F1-B3FF-CDDD3C91E03D}.Release|Any CPU.ActiveCfg = Release|Any CPU
		{CE4569DD-6C0E-45F1-B3FF-CDDD3C91E03D}.Release|Any CPU.Build.0 = Release|Any CPU
		{CE4569DD-6C0E-45F1-B3FF-CDDD3C91E03D}.Release|x64.ActiveCfg = Release|Any CPU
		{CE4569DD-6C0E-45F1-B3FF-CDDD3C91E03D}.Release|x64.Build.0 = Release|Any CPU
		{CE4569DD-6C0E-45F1-B3FF-CDDD3C91E03D}.Release|x86.ActiveCfg = Release|Any CPU
		{CE4569DD-6C0E-45F1-B3FF-CDDD3C91E03D}.Release|x86.Build.0 = Release|Any CPU
		{D4FCE4F3-2906-41DA-8578-1B303F8EFBDE}.Debug|Any CPU.ActiveCfg = Debug|Any CPU
		{D4FCE4F3-2906-41DA-8578-1B303F8EFBDE}.Debug|Any CPU.Build.0 = Debug|Any CPU
		{D4FCE4F3-2906-41DA-8578-1B303F8EFBDE}.Debug|x64.ActiveCfg = Debug|Any CPU
		{D4FCE4F3-2906-41DA-8578-1B303F8EFBDE}.Debug|x64.Build.0 = Debug|Any CPU
		{D4FCE4F3-2906-41DA-8578-1B303F8EFBDE}.Debug|x86.ActiveCfg = Debug|Any CPU
		{D4FCE4F3-2906-41DA-8578-1B303F8EFBDE}.Debug|x86.Build.0 = Debug|Any CPU
		{D4FCE4F3-2906-41DA-8578-1B303F8EFBDE}.Release|Any CPU.ActiveCfg = Release|Any CPU
		{D4FCE4F3-2906-41DA-8578-1B303F8EFBDE}.Release|Any CPU.Build.0 = Release|Any CPU
		{D4FCE4F3-2906-41DA-8578-1B303F8EFBDE}.Release|x64.ActiveCfg = Release|Any CPU
		{D4FCE4F3-2906-41DA-8578-1B303F8EFBDE}.Release|x64.Build.0 = Release|Any CPU
		{D4FCE4F3-2906-41DA-8578-1B303F8EFBDE}.Release|x86.ActiveCfg = Release|Any CPU
		{D4FCE4F3-2906-41DA-8578-1B303F8EFBDE}.Release|x86.Build.0 = Release|Any CPU
		{2AE17914-2C27-4222-A30D-0CB91DE7A627}.Debug|Any CPU.ActiveCfg = Debug|Any CPU
		{2AE17914-2C27-4222-A30D-0CB91DE7A627}.Debug|Any CPU.Build.0 = Debug|Any CPU
		{2AE17914-2C27-4222-A30D-0CB91DE7A627}.Debug|x64.ActiveCfg = Debug|Any CPU
		{2AE17914-2C27-4222-A30D-0CB91DE7A627}.Debug|x64.Build.0 = Debug|Any CPU
		{2AE17914-2C27-4222-A30D-0CB91DE7A627}.Debug|x86.ActiveCfg = Debug|Any CPU
		{2AE17914-2C27-4222-A30D-0CB91DE7A627}.Debug|x86.Build.0 = Debug|Any CPU
		{2AE17914-2C27-4222-A30D-0CB91DE7A627}.Release|Any CPU.ActiveCfg = Release|Any CPU
		{2AE17914-2C27-4222-A30D-0CB91DE7A627}.Release|Any CPU.Build.0 = Release|Any CPU
		{2AE17914-2C27-4222-A30D-0CB91DE7A627}.Release|x64.ActiveCfg = Release|Any CPU
		{2AE17914-2C27-4222-A30D-0CB91DE7A627}.Release|x64.Build.0 = Release|Any CPU
		{2AE17914-2C27-4222-A30D-0CB91DE7A627}.Release|x86.ActiveCfg = Release|Any CPU
		{2AE17914-2C27-4222-A30D-0CB91DE7A627}.Release|x86.Build.0 = Release|Any CPU
		{3C719680-6673-4C57-A1E8-7DAAB28A115F}.Debug|Any CPU.ActiveCfg = Debug|Any CPU
		{3C719680-6673-4C57-A1E8-7DAAB28A115F}.Debug|Any CPU.Build.0 = Debug|Any CPU
		{3C719680-6673-4C57-A1E8-7DAAB28A115F}.Debug|x64.ActiveCfg = Debug|Any CPU
		{3C719680-6673-4C57-A1E8-7DAAB28A115F}.Debug|x64.Build.0 = Debug|Any CPU
		{3C719680-6673-4C57-A1E8-7DAAB28A115F}.Debug|x86.ActiveCfg = Debug|Any CPU
		{3C719680-6673-4C57-A1E8-7DAAB28A115F}.Debug|x86.Build.0 = Debug|Any CPU
		{3C719680-6673-4C57-A1E8-7DAAB28A115F}.Release|Any CPU.ActiveCfg = Release|Any CPU
		{3C719680-6673-4C57-A1E8-7DAAB28A115F}.Release|Any CPU.Build.0 = Release|Any CPU
		{3C719680-6673-4C57-A1E8-7DAAB28A115F}.Release|x64.ActiveCfg = Release|Any CPU
		{3C719680-6673-4C57-A1E8-7DAAB28A115F}.Release|x64.Build.0 = Release|Any CPU
		{3C719680-6673-4C57-A1E8-7DAAB28A115F}.Release|x86.ActiveCfg = Release|Any CPU
		{3C719680-6673-4C57-A1E8-7DAAB28A115F}.Release|x86.Build.0 = Release|Any CPU
	EndGlobalSection
EndGlobal
